
Microsoft Visual Studio Solution File, Format Version 12.00
# Visual Studio Version 17
VisualStudioVersion = 17.14.36301.6 d17.14
MinimumVisualStudioVersion = 10.0.40219.1
Project("{FAE04EC0-301F-11D3-BF4B-00C04F79EFBC}") = "OTUS_SA_DZ12", "OTUS_SA_DZ12\OTUS_SA_DZ12.csproj", "{3498BA30-5F42-432B-9383-02B0237AF14B}"
EndProject
Global
	GlobalSection(SolutionConfigurationPlatforms) = preSolution
		Debug|Any CPU = Debug|Any CPU
		Release|Any CPU = Release|Any CPU
	EndGlobalSection
	GlobalSection(ProjectConfigurationPlatforms) = postSolution
		{3498BA30-5F42-432B-9383-02B0237AF14B}.Debug|Any CPU.ActiveCfg = Debug|Any CPU
		{3498BA30-5F42-432B-9383-02B0237AF14B}.Debug|Any CPU.Build.0 = Debug|Any CPU
		{3498BA30-5F42-432B-9383-02B0237AF14B}.Release|Any CPU.ActiveCfg = Release|Any CPU
		{3498BA30-5F42-432B-9383-02B0237AF14B}.Release|Any CPU.Build.0 = Release|Any CPU
	EndGlobalSection
	GlobalSection(SolutionProperties) = preSolution
		HideSolutionNode = FALSE
	EndGlobalSection
	GlobalSection(ExtensibilityGlobals) = postSolution
		SolutionGuid = {BF6BACFE-685F-499C-9426-00CDC0E98FE9}
	EndGlobalSection
EndGlobal
